
Microsoft Visual Studio Solution File, Format Version 12.00
# Visual Studio Version 16
VisualStudioVersion = 16.0.29709.97
MinimumVisualStudioVersion = 10.0.40219.1
Project("{FAE04EC0-301F-11D3-BF4B-00C04F79EFBC}") = "Wanderer", "Wanderer.csproj", "{05DDB394-2C83-4C22-9CB7-4746A20ACC9D}"
EndProject
Global
	GlobalSection(SolutionConfigurationPlatforms) = preSolution
		Debug|Any CPU = Debug|Any CPU
		Release|Any CPU = Release|Any CPU
	EndGlobalSection
	GlobalSection(ProjectConfigurationPlatforms) = postSolution
		{05DDB394-2C83-4C22-9CB7-4746A20ACC9D}.Debug|Any CPU.ActiveCfg = Debug|Any CPU
		{05DDB394-2C83-4C22-9CB7-4746A20ACC9D}.Debug|Any CPU.Build.0 = Debug|Any CPU
		{05DDB394-2C83-4C22-9CB7-4746A20ACC9D}.Release|Any CPU.ActiveCfg = Release|Any CPU
		{05DDB394-2C83-4C22-9CB7-4746A20ACC9D}.Release|Any CPU.Build.0 = Release|Any CPU
	EndGlobalSection
	GlobalSection(SolutionProperties) = preSolution
		HideSolutionNode = FALSE
	EndGlobalSection
	GlobalSection(ExtensibilityGlobals) = postSolution
		SolutionGuid = {01B3B26D-848C-4E05-BE15-049CEC21E44A}
	EndGlobalSection
EndGlobal
